
Microsoft Visual Studio Solution File, Format Version 12.00
Project("{FAE04EC0-301F-11D3-BF4B-00C04F79EFBC}") = "ProjectService.API", "ProjectService.API\ProjectService.API.csproj", "{5BD3D45F-3348-4F18-8776-04C4C11C34D2}"
EndProject
Project("{FAE04EC0-301F-11D3-BF4B-00C04F79EFBC}") = "ProjectService.Application", "ProjectService.Application\ProjectService.Application.csproj", "{278FEF57-AC2E-448C-B00E-58E2A06CEB6E}"
EndProject
Project("{FAE04EC0-301F-11D3-BF4B-00C04F79EFBC}") = "ProjectService.Domain", "ProjectService.Domain\ProjectService.Domain.csproj", "{E53379DC-5112-4AEB-A97C-C7B4961C49CF}"
EndProject
Project("{FAE04EC0-301F-11D3-BF4B-00C04F79EFBC}") = "ProjectService.Infrastructure", "ProjectService.Infrastructure\ProjectService.Infrastructure.csproj", "{2031D30D-5457-494B-9CF7-4E9E1DF1EFED}"
EndProject
Project("{FAE04EC0-301F-11D3-BF4B-00C04F79EFBC}") = "ProjectService.Contracts", "ProjectService.Contracts\ProjectService.Contracts.csproj", "{D32A513C-6692-4B32-9B1B-1A15BFB2B50E}"
EndProject
Global
	GlobalSection(SolutionConfigurationPlatforms) = preSolution
		Debug|Any CPU = Debug|Any CPU
		Release|Any CPU = Release|Any CPU
	EndGlobalSection
	GlobalSection(ProjectConfigurationPlatforms) = postSolution
		{5BD3D45F-3348-4F18-8776-04C4C11C34D2}.Debug|Any CPU.ActiveCfg = Debug|Any CPU
		{5BD3D45F-3348-4F18-8776-04C4C11C34D2}.Debug|Any CPU.Build.0 = Debug|Any CPU
		{5BD3D45F-3348-4F18-8776-04C4C11C34D2}.Release|Any CPU.ActiveCfg = Release|Any CPU
		{5BD3D45F-3348-4F18-8776-04C4C11C34D2}.Release|Any CPU.Build.0 = Release|Any CPU
		{278FEF57-AC2E-448C-B00E-58E2A06CEB6E}.Debug|Any CPU.ActiveCfg = Debug|Any CPU
		{278FEF57-AC2E-448C-B00E-58E2A06CEB6E}.Debug|Any CPU.Build.0 = Debug|Any CPU
		{278FEF57-AC2E-448C-B00E-58E2A06CEB6E}.Release|Any CPU.ActiveCfg = Release|Any CPU
		{278FEF57-AC2E-448C-B00E-58E2A06CEB6E}.Release|Any CPU.Build.0 = Release|Any CPU
		{E53379DC-5112-4AEB-A97C-C7B4961C49CF}.Debug|Any CPU.ActiveCfg = Debug|Any CPU
		{E53379DC-5112-4AEB-A97C-C7B4961C49CF}.Debug|Any CPU.Build.0 = Debug|Any CPU
		{E53379DC-5112-4AEB-A97C-C7B4961C49CF}.Release|Any CPU.ActiveCfg = Release|Any CPU
		{E53379DC-5112-4AEB-A97C-C7B4961C49CF}.Release|Any CPU.Build.0 = Release|Any CPU
		{2031D30D-5457-494B-9CF7-4E9E1DF1EFED}.Debug|Any CPU.ActiveCfg = Debug|Any CPU
		{2031D30D-5457-494B-9CF7-4E9E1DF1EFED}.Debug|Any CPU.Build.0 = Debug|Any CPU
		{2031D30D-5457-494B-9CF7-4E9E1DF1EFED}.Release|Any CPU.ActiveCfg = Release|Any CPU
		{2031D30D-5457-494B-9CF7-4E9E1DF1EFED}.Release|Any CPU.Build.0 = Release|Any CPU
		{D32A513C-6692-4B32-9B1B-1A15BFB2B50E}.Debug|Any CPU.ActiveCfg = Debug|Any CPU
		{D32A513C-6692-4B32-9B1B-1A15BFB2B50E}.Debug|Any CPU.Build.0 = Debug|Any CPU
		{D32A513C-6692-4B32-9B1B-1A15BFB2B50E}.Release|Any CPU.ActiveCfg = Release|Any CPU
		{D32A513C-6692-4B32-9B1B-1A15BFB2B50E}.Release|Any CPU.Build.0 = Release|Any CPU
	EndGlobalSection
EndGlobal
