
Microsoft Visual Studio Solution File, Format Version 12.00
Project("{FAE04EC0-301F-11D3-BF4B-00C04F79EFBC}") = "Facade.API", "Facade.API\Facade.API.csproj", "{342FC98F-ADD5-4D1F-B489-3E3A7BE60FCA}"
EndProject
Project("{2150E333-8FDC-42A3-9474-1A3956D46DE8}") = "ProjectManagement", "ProjectManagement", "{50128D88-586B-42E6-8583-121975844F01}"
EndProject
Project("{2150E333-8FDC-42A3-9474-1A3956D46DE8}") = "IdentityManagement", "IdentityManagement", "{1F83FD55-5F34-4207-BAEC-D3C37006E62F}"
EndProject
Project("{2150E333-8FDC-42A3-9474-1A3956D46DE8}") = "TagManagement", "TagManagement", "{8A1FEF5D-892C-4F59-AFF4-E23A06D2257C}"
EndProject
Project("{2150E333-8FDC-42A3-9474-1A3956D46DE8}") = "TenantManagement", "TenantManagement", "{F3B37939-A3FE-4984-B646-2FE586797318}"
EndProject
Project("{2150E333-8FDC-42A3-9474-1A3956D46DE8}") = "BoardManagement", "BoardManagement", "{9B0ECECF-8BBD-4B21-A021-D827A0B38A35}"
EndProject
Project("{FAE04EC0-301F-11D3-BF4B-00C04F79EFBC}") = "BoardManagement.DataAccess", "BoardManagement.DataAccess\BoardManagement.DataAccess.csproj", "{2115A006-57A9-44F2-B7F3-FA4178F5E1E3}"
EndProject
Project("{FAE04EC0-301F-11D3-BF4B-00C04F79EFBC}") = "BoardManagement.Client.InMemory", "BoardManagement.Client.InMemory\BoardManagement.Client.InMemory.csproj", "{446687CC-0524-4F79-92E8-99C688CB4B8D}"
EndProject
Project("{FAE04EC0-301F-11D3-BF4B-00C04F79EFBC}") = "BoardManagement.Contracts", "BoardManagement.Contracts\BoardManagement.Contracts.csproj", "{B5D75537-7279-49FE-BF26-6EDB7AAFABD8}"
EndProject
Project("{FAE04EC0-301F-11D3-BF4B-00C04F79EFBC}") = "BoardManagement.Services", "BoardManagement.Services\BoardManagement.Services.csproj", "{2E2B4386-5A8D-4591-A9E1-6DF7B208BE0A}"
EndProject
Project("{FAE04EC0-301F-11D3-BF4B-00C04F79EFBC}") = "IdentityManagement.DataAccess", "IdentityManagement.DataAccess\IdentityManagement.DataAccess.csproj", "{FCBE77CA-6D66-45C6-84A2-D663FBECDD5F}"
EndProject
Project("{FAE04EC0-301F-11D3-BF4B-00C04F79EFBC}") = "IdentityManagement.Contracts", "IdentityManagement.Contracts\IdentityManagement.Contracts.csproj", "{DA46A8C6-7C62-4EF2-9F6A-FF55D5389E5B}"
EndProject
Project("{FAE04EC0-301F-11D3-BF4B-00C04F79EFBC}") = "IdentityManagement.Client.InMemory", "IdentityManagement.Client.InMemory\IdentityManagement.Client.InMemory.csproj", "{E18C8797-981E-48BC-B797-BB2A15873F6B}"
EndProject
Project("{FAE04EC0-301F-11D3-BF4B-00C04F79EFBC}") = "IdentityManagement.Services", "IdentityManagement.Services\IdentityManagement.Services.csproj", "{6FCD4C1F-95D3-47D2-8249-4105F87B702F}"
EndProject
Project("{2150E333-8FDC-42A3-9474-1A3956D46DE8}") = "Facade.BoardManagement", "Facade.BoardManagement", "{D6325588-14A8-4053-8510-C50D85F28D47}"
EndProject
Project("{2150E333-8FDC-42A3-9474-1A3956D46DE8}") = "Facade.IdentityManagement", "Facade.IdentityManagement", "{369308D5-8521-420B-AFDC-680E72BCB355}"
EndProject
Project("{2150E333-8FDC-42A3-9474-1A3956D46DE8}") = "Facade.ProjectManagement", "Facade.ProjectManagement", "{7D5D932E-FB7E-4D12-A3D2-21AC0BEBF71D}"
EndProject
Project("{2150E333-8FDC-42A3-9474-1A3956D46DE8}") = "Facade.OrganizationManagement", "Facade.OrganizationManagement", "{C5F58A6B-AA1C-4282-8DE6-AC24E00988CF}"
EndProject
Project("{2150E333-8FDC-42A3-9474-1A3956D46DE8}") = "Facade.TagManagement", "Facade.TagManagement", "{C5BEDEC3-C74C-4DC5-B668-42EBCCA5DD1B}"
EndProject
Project("{FAE04EC0-301F-11D3-BF4B-00C04F79EFBC}") = "Facade.BoardManagement.Controllers", "Facade.BoardManagement.Controllers\Facade.BoardManagement.Controllers.csproj", "{D00201BD-9416-4096-A909-67CDD4E551A2}"
EndProject
Global
	GlobalSection(SolutionConfigurationPlatforms) = preSolution
		Debug|Any CPU = Debug|Any CPU
		Release|Any CPU = Release|Any CPU
	EndGlobalSection
	GlobalSection(ProjectConfigurationPlatforms) = postSolution
		{342FC98F-ADD5-4D1F-B489-3E3A7BE60FCA}.Debug|Any CPU.ActiveCfg = Debug|Any CPU
		{342FC98F-ADD5-4D1F-B489-3E3A7BE60FCA}.Debug|Any CPU.Build.0 = Debug|Any CPU
		{342FC98F-ADD5-4D1F-B489-3E3A7BE60FCA}.Release|Any CPU.ActiveCfg = Release|Any CPU
		{342FC98F-ADD5-4D1F-B489-3E3A7BE60FCA}.Release|Any CPU.Build.0 = Release|Any CPU
		{2115A006-57A9-44F2-B7F3-FA4178F5E1E3}.Debug|Any CPU.ActiveCfg = Debug|Any CPU
		{2115A006-57A9-44F2-B7F3-FA4178F5E1E3}.Debug|Any CPU.Build.0 = Debug|Any CPU
		{2115A006-57A9-44F2-B7F3-FA4178F5E1E3}.Release|Any CPU.ActiveCfg = Release|Any CPU
		{2115A006-57A9-44F2-B7F3-FA4178F5E1E3}.Release|Any CPU.Build.0 = Release|Any CPU
		{446687CC-0524-4F79-92E8-99C688CB4B8D}.Debug|Any CPU.ActiveCfg = Debug|Any CPU
		{446687CC-0524-4F79-92E8-99C688CB4B8D}.Debug|Any CPU.Build.0 = Debug|Any CPU
		{446687CC-0524-4F79-92E8-99C688CB4B8D}.Release|Any CPU.ActiveCfg = Release|Any CPU
		{446687CC-0524-4F79-92E8-99C688CB4B8D}.Release|Any CPU.Build.0 = Release|Any CPU
		{B5D75537-7279-49FE-BF26-6EDB7AAFABD8}.Debug|Any CPU.ActiveCfg = Debug|Any CPU
		{B5D75537-7279-49FE-BF26-6EDB7AAFABD8}.Debug|Any CPU.Build.0 = Debug|Any CPU
		{B5D75537-7279-49FE-BF26-6EDB7AAFABD8}.Release|Any CPU.ActiveCfg = Release|Any CPU
		{B5D75537-7279-49FE-BF26-6EDB7AAFABD8}.Release|Any CPU.Build.0 = Release|Any CPU
		{2E2B4386-5A8D-4591-A9E1-6DF7B208BE0A}.Debug|Any CPU.ActiveCfg = Debug|Any CPU
		{2E2B4386-5A8D-4591-A9E1-6DF7B208BE0A}.Debug|Any CPU.Build.0 = Debug|Any CPU
		{2E2B4386-5A8D-4591-A9E1-6DF7B208BE0A}.Release|Any CPU.ActiveCfg = Release|Any CPU
		{2E2B4386-5A8D-4591-A9E1-6DF7B208BE0A}.Release|Any CPU.Build.0 = Release|Any CPU
		{FCBE77CA-6D66-45C6-84A2-D663FBECDD5F}.Debug|Any CPU.ActiveCfg = Debug|Any CPU
		{FCBE77CA-6D66-45C6-84A2-D663FBECDD5F}.Debug|Any CPU.Build.0 = Debug|Any CPU
		{FCBE77CA-6D66-45C6-84A2-D663FBECDD5F}.Release|Any CPU.ActiveCfg = Release|Any CPU
		{FCBE77CA-6D66-45C6-84A2-D663FBECDD5F}.Release|Any CPU.Build.0 = Release|Any CPU
		{DA46A8C6-7C62-4EF2-9F6A-FF55D5389E5B}.Debug|Any CPU.ActiveCfg = Debug|Any CPU
		{DA46A8C6-7C62-4EF2-9F6A-FF55D5389E5B}.Debug|Any CPU.Build.0 = Debug|Any CPU
		{DA46A8C6-7C62-4EF2-9F6A-FF55D5389E5B}.Release|Any CPU.ActiveCfg = Release|Any CPU
		{DA46A8C6-7C62-4EF2-9F6A-FF55D5389E5B}.Release|Any CPU.Build.0 = Release|Any CPU
		{E18C8797-981E-48BC-B797-BB2A15873F6B}.Debug|Any CPU.ActiveCfg = Debug|Any CPU
		{E18C8797-981E-48BC-B797-BB2A15873F6B}.Debug|Any CPU.Build.0 = Debug|Any CPU
		{E18C8797-981E-48BC-B797-BB2A15873F6B}.Release|Any CPU.ActiveCfg = Release|Any CPU
		{E18C8797-981E-48BC-B797-BB2A15873F6B}.Release|Any CPU.Build.0 = Release|Any CPU
		{6FCD4C1F-95D3-47D2-8249-4105F87B702F}.Debug|Any CPU.ActiveCfg = Debug|Any CPU
		{6FCD4C1F-95D3-47D2-8249-4105F87B702F}.Debug|Any CPU.Build.0 = Debug|Any CPU
		{6FCD4C1F-95D3-47D2-8249-4105F87B702F}.Release|Any CPU.ActiveCfg = Release|Any CPU
		{6FCD4C1F-95D3-47D2-8249-4105F87B702F}.Release|Any CPU.Build.0 = Release|Any CPU
		{D00201BD-9416-4096-A909-67CDD4E551A2}.Debug|Any CPU.ActiveCfg = Debug|Any CPU
		{D00201BD-9416-4096-A909-67CDD4E551A2}.Debug|Any CPU.Build.0 = Debug|Any CPU
		{D00201BD-9416-4096-A909-67CDD4E551A2}.Release|Any CPU.ActiveCfg = Release|Any CPU
		{D00201BD-9416-4096-A909-67CDD4E551A2}.Release|Any CPU.Build.0 = Release|Any CPU
	EndGlobalSection
	GlobalSection(NestedProjects) = preSolution
		{2115A006-57A9-44F2-B7F3-FA4178F5E1E3} = {9B0ECECF-8BBD-4B21-A021-D827A0B38A35}
		{446687CC-0524-4F79-92E8-99C688CB4B8D} = {9B0ECECF-8BBD-4B21-A021-D827A0B38A35}
		{B5D75537-7279-49FE-BF26-6EDB7AAFABD8} = {9B0ECECF-8BBD-4B21-A021-D827A0B38A35}
		{2E2B4386-5A8D-4591-A9E1-6DF7B208BE0A} = {9B0ECECF-8BBD-4B21-A021-D827A0B38A35}
		{FCBE77CA-6D66-45C6-84A2-D663FBECDD5F} = {1F83FD55-5F34-4207-BAEC-D3C37006E62F}
		{DA46A8C6-7C62-4EF2-9F6A-FF55D5389E5B} = {1F83FD55-5F34-4207-BAEC-D3C37006E62F}
		{E18C8797-981E-48BC-B797-BB2A15873F6B} = {1F83FD55-5F34-4207-BAEC-D3C37006E62F}
		{6FCD4C1F-95D3-47D2-8249-4105F87B702F} = {1F83FD55-5F34-4207-BAEC-D3C37006E62F}
		{D00201BD-9416-4096-A909-67CDD4E551A2} = {D6325588-14A8-4053-8510-C50D85F28D47}
	EndGlobalSection
EndGlobal
